<Solution>
  <Configurations>
    <Platform Name="ARM" />
    <Platform Name="ARM64" />
    <Platform Name="x64" />
    <Platform Name="x86" />
  </Configurations>
  <Project Path="test1.vcxproj" Id="a1ee8fbc-bb5b-4359-83f0-4f7b40ed0a0c">
    <Platform Solution="*|x86" Project="x86" />
    <Deploy />
  </Project>
</Solution>
